
Microsoft Visual Studio Solution File, Format Version 12.00
# Visual Studio Version 17
VisualStudioVersion = 17.7.34024.191
MinimumVisualStudioVersion = 10.0.40219.1
Project("{2150E333-8FDC-42A3-9474-1A3956D46DE8}") = "APIs", "APIs", "{8405E8D7-D5C6-4436-845B-774D111E82C0}"
EndProject
Project("{FAE04EC0-301F-11D3-BF4B-00C04F79EFBC}") = "Application", "Application\Application.csproj", "{8DD47236-A969-4B07-882E-B25713878019}"
EndProject
Project("{FAE04EC0-301F-11D3-BF4B-00C04F79EFBC}") = "Domain", "Domain\Domain.csproj", "{4C12EEF7-7E75-4AC4-97EE-2400A2833EF6}"
EndProject
Project("{FAE04EC0-301F-11D3-BF4B-00C04F79EFBC}") = "Infracstructures", "Infracstructures\Infracstructures.csproj", "{FD5969A9-C7ED-4A9C-85E8-E9C787F22671}"
EndProject
Project("{FAE04EC0-301F-11D3-BF4B-00C04F79EFBC}") = "WebAPI", "WebAPI\WebAPI.csproj", "{0790C038-9B9F-4B8C-8B37-26E061E4063F}"
	ProjectSection(ProjectDependencies) = postProject
		{8DD47236-A969-4B07-882E-B25713878019} = {8DD47236-A969-4B07-882E-B25713878019}
		{FD5969A9-C7ED-4A9C-85E8-E9C787F22671} = {FD5969A9-C7ED-4A9C-85E8-E9C787F22671}
	EndProjectSection
EndProject
Global
	GlobalSection(SolutionConfigurationPlatforms) = preSolution
		Debug|Any CPU = Debug|Any CPU
		Release|Any CPU = Release|Any CPU
	EndGlobalSection
	GlobalSection(ProjectConfigurationPlatforms) = postSolution
		{8DD47236-A969-4B07-882E-B25713878019}.Debug|Any CPU.ActiveCfg = Debug|Any CPU
		{8DD47236-A969-4B07-882E-B25713878019}.Debug|Any CPU.Build.0 = Debug|Any CPU
		{8DD47236-A969-4B07-882E-B25713878019}.Release|Any CPU.ActiveCfg = Release|Any CPU
		{8DD47236-A969-4B07-882E-B25713878019}.Release|Any CPU.Build.0 = Release|Any CPU
		{4C12EEF7-7E75-4AC4-97EE-2400A2833EF6}.Debug|Any CPU.ActiveCfg = Debug|Any CPU
		{4C12EEF7-7E75-4AC4-97EE-2400A2833EF6}.Debug|Any CPU.Build.0 = Debug|Any CPU
		{4C12EEF7-7E75-4AC4-97EE-2400A2833EF6}.Release|Any CPU.ActiveCfg = Release|Any CPU
		{4C12EEF7-7E75-4AC4-97EE-2400A2833EF6}.Release|Any CPU.Build.0 = Release|Any CPU
		{FD5969A9-C7ED-4A9C-85E8-E9C787F22671}.Debug|Any CPU.ActiveCfg = Debug|Any CPU
		{FD5969A9-C7ED-4A9C-85E8-E9C787F22671}.Debug|Any CPU.Build.0 = Debug|Any CPU
		{FD5969A9-C7ED-4A9C-85E8-E9C787F22671}.Release|Any CPU.ActiveCfg = Release|Any CPU
		{FD5969A9-C7ED-4A9C-85E8-E9C787F22671}.Release|Any CPU.Build.0 = Release|Any CPU
		{0790C038-9B9F-4B8C-8B37-26E061E4063F}.Debug|Any CPU.ActiveCfg = Debug|Any CPU
		{0790C038-9B9F-4B8C-8B37-26E061E4063F}.Debug|Any CPU.Build.0 = Debug|Any CPU
		{0790C038-9B9F-4B8C-8B37-26E061E4063F}.Release|Any CPU.ActiveCfg = Release|Any CPU
		{0790C038-9B9F-4B8C-8B37-26E061E4063F}.Release|Any CPU.Build.0 = Release|Any CPU
	EndGlobalSection
	GlobalSection(SolutionProperties) = preSolution
		HideSolutionNode = FALSE
	EndGlobalSection
	GlobalSection(NestedProjects) = preSolution
		{8DD47236-A969-4B07-882E-B25713878019} = {8405E8D7-D5C6-4436-845B-774D111E82C0}
		{4C12EEF7-7E75-4AC4-97EE-2400A2833EF6} = {8405E8D7-D5C6-4436-845B-774D111E82C0}
		{FD5969A9-C7ED-4A9C-85E8-E9C787F22671} = {8405E8D7-D5C6-4436-845B-774D111E82C0}
	EndGlobalSection
	GlobalSection(ExtensibilityGlobals) = postSolution
		SolutionGuid = {A0D769B2-FF0C-4AB9-9D2E-730C1E92109B}
	EndGlobalSection
EndGlobal
